
Microsoft Visual Studio Solution File, Format Version 12.00
# Visual Studio Version 17
VisualStudioVersion = 17.4.33205.214
MinimumVisualStudioVersion = 10.0.40219.1
Project("{FAE04EC0-301F-11D3-BF4B-00C04F79EFBC}") = "Core", "Core\Core.csproj", "{14C27652-6B44-41FD-8D22-AD6F848BA51D}"
EndProject
Project("{FAE04EC0-301F-11D3-BF4B-00C04F79EFBC}") = "Entities", "Entities\Entities.csproj", "{610BEC22-4167-49C7-B820-5BEEF3D3ACE4}"
EndProject
Project("{FAE04EC0-301F-11D3-BF4B-00C04F79EFBC}") = "DataAccess", "DataAccess\DataAccess.csproj", "{6560FE96-1331-45AC-93E7-5213DF03BECA}"
EndProject
Project("{FAE04EC0-301F-11D3-BF4B-00C04F79EFBC}") = "Business", "Business\Business.csproj", "{2686A68A-176A-49ED-B195-C44846D50515}"
EndProject
Project("{FAE04EC0-301F-11D3-BF4B-00C04F79EFBC}") = "UI", "UI\UI.csproj", "{0C79CB4C-0DCC-47DD-A72E-42C8F1FE7937}"
EndProject
Global
	GlobalSection(SolutionConfigurationPlatforms) = preSolution
		Debug|Any CPU = Debug|Any CPU
		Release|Any CPU = Release|Any CPU
	EndGlobalSection
	GlobalSection(ProjectConfigurationPlatforms) = postSolution
		{14C27652-6B44-41FD-8D22-AD6F848BA51D}.Debug|Any CPU.ActiveCfg = Debug|Any CPU
		{14C27652-6B44-41FD-8D22-AD6F848BA51D}.Debug|Any CPU.Build.0 = Debug|Any CPU
		{14C27652-6B44-41FD-8D22-AD6F848BA51D}.Release|Any CPU.ActiveCfg = Release|Any CPU
		{14C27652-6B44-41FD-8D22-AD6F848BA51D}.Release|Any CPU.Build.0 = Release|Any CPU
		{610BEC22-4167-49C7-B820-5BEEF3D3ACE4}.Debug|Any CPU.ActiveCfg = Debug|Any CPU
		{610BEC22-4167-49C7-B820-5BEEF3D3ACE4}.Debug|Any CPU.Build.0 = Debug|Any CPU
		{610BEC22-4167-49C7-B820-5BEEF3D3ACE4}.Release|Any CPU.ActiveCfg = Release|Any CPU
		{610BEC22-4167-49C7-B820-5BEEF3D3ACE4}.Release|Any CPU.Build.0 = Release|Any CPU
		{6560FE96-1331-45AC-93E7-5213DF03BECA}.Debug|Any CPU.ActiveCfg = Debug|Any CPU
		{6560FE96-1331-45AC-93E7-5213DF03BECA}.Debug|Any CPU.Build.0 = Debug|Any CPU
		{6560FE96-1331-45AC-93E7-5213DF03BECA}.Release|Any CPU.ActiveCfg = Release|Any CPU
		{6560FE96-1331-45AC-93E7-5213DF03BECA}.Release|Any CPU.Build.0 = Release|Any CPU
		{2686A68A-176A-49ED-B195-C44846D50515}.Debug|Any CPU.ActiveCfg = Debug|Any CPU
		{2686A68A-176A-49ED-B195-C44846D50515}.Debug|Any CPU.Build.0 = Debug|Any CPU
		{2686A68A-176A-49ED-B195-C44846D50515}.Release|Any CPU.ActiveCfg = Release|Any CPU
		{2686A68A-176A-49ED-B195-C44846D50515}.Release|Any CPU.Build.0 = Release|Any CPU
		{0C79CB4C-0DCC-47DD-A72E-42C8F1FE7937}.Debug|Any CPU.ActiveCfg = Debug|Any CPU
		{0C79CB4C-0DCC-47DD-A72E-42C8F1FE7937}.Debug|Any CPU.Build.0 = Debug|Any CPU
		{0C79CB4C-0DCC-47DD-A72E-42C8F1FE7937}.Release|Any CPU.ActiveCfg = Release|Any CPU
		{0C79CB4C-0DCC-47DD-A72E-42C8F1FE7937}.Release|Any CPU.Build.0 = Release|Any CPU
	EndGlobalSection
	GlobalSection(SolutionProperties) = preSolution
		HideSolutionNode = FALSE
	EndGlobalSection
	GlobalSection(ExtensibilityGlobals) = postSolution
		SolutionGuid = {A1D5821F-350A-467F-8DE5-486D85C3B015}
	EndGlobalSection
EndGlobal
